
Microsoft Visual Studio Solution File, Format Version 12.00
# Visual Studio 15
VisualStudioVersion = 15.0.27130.2036
MinimumVisualStudioVersion = 10.0.40219.1
Project("{FAE04EC0-301F-11D3-BF4B-00C04F79EFBC}") = "KinectReader", "KinectReader\KinectReader.csproj", "{A3E3258A-03EF-4B14-BB21-9DF62CDD16EA}"
EndProject
Global
	GlobalSection(SolutionConfigurationPlatforms) = preSolution
		Debug|Any CPU = Debug|Any CPU
		Release|Any CPU = Release|Any CPU
	EndGlobalSection
	GlobalSection(ProjectConfigurationPlatforms) = postSolution
		{A3E3258A-03EF-4B14-BB21-9DF62CDD16EA}.Debug|Any CPU.ActiveCfg = Debug|Any CPU
		{A3E3258A-03EF-4B14-BB21-9DF62CDD16EA}.Debug|Any CPU.Build.0 = Debug|Any CPU
		{A3E3258A-03EF-4B14-BB21-9DF62CDD16EA}.Release|Any CPU.ActiveCfg = Release|Any CPU
		{A3E3258A-03EF-4B14-BB21-9DF62CDD16EA}.Release|Any CPU.Build.0 = Release|Any CPU
	EndGlobalSection
	GlobalSection(SolutionProperties) = preSolution
		HideSolutionNode = FALSE
	EndGlobalSection
	GlobalSection(ExtensibilityGlobals) = postSolution
		SolutionGuid = {1399DEFA-84DA-4C86-BB70-0E5449B0329B}
	EndGlobalSection
EndGlobal
